// !$*UTF8*$!
{
	archiveVersion = 1;
	classes = {
	};
	objectVersion = 77;
	objects = {

/* Begin PBXBuildFile section */
		6D18390E2E1165B0008540BC /* KeyboardShortcuts in Frameworks */ = {isa = PBXBuildFile; productRef = 6D18390D2E1165B0008540BC /* KeyboardShortcuts */; };
/* End PBXBuildFile section */

/* Begin PBXContainerItemProxy section */
		6D244A202E03FAA0008A66F6 /* PBXContainerItemProxy */ = {
			isa = PBXContainerItemProxy;
			containerPortal = 6D244A092E03FA9F008A66F6 /* Project object */;
			proxyType = 1;
			remoteGlobalIDString = 6D244A102E03FA9F008A66F6;
			remoteInfo = "Clip Hold";
		};
		6D244A2A2E03FAA0008A66F6 /* PBXContainerItemProxy */ = {
			isa = PBXContainerItemProxy;
			containerPortal = 6D244A092E03FA9F008A66F6 /* Project object */;
			proxyType = 1;
			remoteGlobalIDString = 6D244A102E03FA9F008A66F6;
			remoteInfo = "Clip Hold";
		};
/* End PBXContainerItemProxy section */

/* Begin PBXFileReference section */
		6D244A112E03FA9F008A66F6 /* Clip Hold.app */ = {isa = PBXFileReference; explicitFileType = wrapper.application; includeInIndex = 0; path = "Clip Hold.app"; sourceTree = BUILT_PRODUCTS_DIR; };
		6D244A1F2E03FAA0008A66F6 /* Clip HoldTests.xctest */ = {isa = PBXFileReference; explicitFileType = wrapper.cfbundle; includeInIndex = 0; path = "Clip HoldTests.xctest"; sourceTree = BUILT_PRODUCTS_DIR; };
		6D244A292E03FAA0008A66F6 /* Clip HoldUITests.xctest */ = {isa = PBXFileReference; explicitFileType = wrapper.cfbundle; includeInIndex = 0; path = "Clip HoldUITests.xctest"; sourceTree = BUILT_PRODUCTS_DIR; };
/* End PBXFileReference section */

/* Begin PBXFileSystemSynchronizedRootGroup section */
		6D244A132E03FA9F008A66F6 /* Clip Hold */ = {
			isa = PBXFileSystemSynchronizedRootGroup;
			path = "Clip Hold";
			sourceTree = "<group>";
		};
		6D244A222E03FAA0008A66F6 /* Clip HoldTests */ = {
			isa = PBXFileSystemSynchronizedRootGroup;
			path = "Clip HoldTests";
			sourceTree = "<group>";
		};
		6D244A2C2E03FAA0008A66F6 /* Clip HoldUITests */ = {
			isa = PBXFileSystemSynchronizedRootGroup;
			path = "Clip HoldUITests";
			sourceTree = "<group>";
		};
/* End PBXFileSystemSynchronizedRootGroup section */

/* Begin PBXFrameworksBuildPhase section */
		6D244A0E2E03FA9F008A66F6 /* Frameworks */ = {
			isa = PBXFrameworksBuildPhase;
			buildActionMask = 2147483647;
			files = (
				6D18390E2E1165B0008540BC /* KeyboardShortcuts in Frameworks */,
			);
			runOnlyForDeploymentPostprocessing = 0;
		};
		6D244A1C2E03FAA0008A66F6 /* Frameworks */ = {
			isa = PBXFrameworksBuildPhase;
			buildActionMask = 2147483647;
			files = (
			);
			runOnlyForDeploymentPostprocessing = 0;
		};
		6D244A262E03FAA0008A66F6 /* Frameworks */ = {
			isa = PBXFrameworksBuildPhase;
			buildActionMask = 2147483647;
			files = (
			);
			runOnlyForDeploymentPostprocessing = 0;
		};
/* End PBXFrameworksBuildPhase section */

/* Begin PBXGroup section */
		6D18390C2E1165B0008540BC /* Frameworks */ = {
			isa = PBXGroup;
			children = (
			);
			name = Frameworks;
			sourceTree = "<group>";
		};
		6D244A082E03FA9F008A66F6 = {
			isa = PBXGroup;
			children = (
				6D244A132E03FA9F008A66F6 /* Clip Hold */,
				6D244A222E03FAA0008A66F6 /* Clip HoldTests */,
				6D244A2C2E03FAA0008A66F6 /* Clip HoldUITests */,
				6D18390C2E1165B0008540BC /* Frameworks */,
				6D244A122E03FA9F008A66F6 /* Products */,
			);
			sourceTree = "<group>";
		};
		6D244A122E03FA9F008A66F6 /* Products */ = {
			isa = PBXGroup;
			children = (
				6D244A112E03FA9F008A66F6 /* Clip Hold.app */,
				6D244A1F2E03FAA0008A66F6 /* Clip HoldTests.xctest */,
				6D244A292E03FAA0008A66F6 /* Clip HoldUITests.xctest */,
			);
			name = Products;
			sourceTree = "<group>";
		};
/* End PBXGroup section */

/* Begin PBXNativeTarget section */
		6D244A102E03FA9F008A66F6 /* Clip Hold */ = {
			isa = PBXNativeTarget;
			buildConfigurationList = 6D244A332E03FAA0008A66F6 /* Build configuration list for PBXNativeTarget "Clip Hold" */;
			buildPhases = (
				6D244A0D2E03FA9F008A66F6 /* Sources */,
				6D244A0E2E03FA9F008A66F6 /* Frameworks */,
				6D244A0F2E03FA9F008A66F6 /* Resources */,
			);
			buildRules = (
			);
			dependencies = (
			);
			fileSystemSynchronizedGroups = (
				6D244A132E03FA9F008A66F6 /* Clip Hold */,
			);
			name = "Clip Hold";
			packageProductDependencies = (
				6D18390D2E1165B0008540BC /* KeyboardShortcuts */,
			);
			productName = "Clip Hold";
			productReference = 6D244A112E03FA9F008A66F6 /* Clip Hold.app */;
			productType = "com.apple.product-type.application";
		};
		6D244A1E2E03FAA0008A66F6 /* Clip HoldTests */ = {
			isa = PBXNativeTarget;
			buildConfigurationList = 6D244A362E03FAA0008A66F6 /* Build configuration list for PBXNativeTarget "Clip HoldTests" */;
			buildPhases = (
				6D244A1B2E03FAA0008A66F6 /* Sources */,
				6D244A1C2E03FAA0008A66F6 /* Frameworks */,
				6D244A1D2E03FAA0008A66F6 /* Resources */,
			);
			buildRules = (
			);
			dependencies = (
				6D244A212E03FAA0008A66F6 /* PBXTargetDependency */,
			);
			fileSystemSynchronizedGroups = (
				6D244A222E03FAA0008A66F6 /* Clip HoldTests */,
			);
			name = "Clip HoldTests";
			packageProductDependencies = (
			);
			productName = "Clip HoldTests";
			productReference = 6D244A1F2E03FAA0008A66F6 /* Clip HoldTests.xctest */;
			productType = "com.apple.product-type.bundle.unit-test";
		};
		6D244A282E03FAA0008A66F6 /* Clip HoldUITests */ = {
			isa = PBXNativeTarget;
			buildConfigurationList = 6D244A392E03FAA0008A66F6 /* Build configuration list for PBXNativeTarget "Clip HoldUITests" */;
			buildPhases = (
				6D244A252E03FAA0008A66F6 /* Sources */,
				6D244A262E03FAA0008A66F6 /* Frameworks */,
				6D244A272E03FAA0008A66F6 /* Resources */,
			);
			buildRules = (
			);
			dependencies = (
				6D244A2B2E03FAA0008A66F6 /* PBXTargetDependency */,
			);
			fileSystemSynchronizedGroups = (
				6D244A2C2E03FAA0008A66F6 /* Clip HoldUITests */,
			);
			name = "Clip HoldUITests";
			packageProductDependencies = (
			);
			productName = "Clip HoldUITests";
			productReference = 6D244A292E03FAA0008A66F6 /* Clip HoldUITests.xctest */;
			productType = "com.apple.product-type.bundle.ui-testing";
		};
/* End PBXNativeTarget section */

/* Begin PBXProject section */
		6D244A092E03FA9F008A66F6 /* Project object */ = {
			isa = PBXProject;
			attributes = {
				BuildIndependentTargetsInParallel = 1;
				LastSwiftUpdateCheck = 2600;
				LastUpgradeCheck = 2600;
				TargetAttributes = {
					6D244A102E03FA9F008A66F6 = {
						CreatedOnToolsVersion = 16.4;
					};
					6D244A1E2E03FAA0008A66F6 = {
						CreatedOnToolsVersion = 16.4;
						TestTargetID = 6D244A102E03FA9F008A66F6;
					};
					6D244A282E03FAA0008A66F6 = {
						CreatedOnToolsVersion = 16.4;
						TestTargetID = 6D244A102E03FA9F008A66F6;
					};
				};
			};
			buildConfigurationList = 6D244A0C2E03FA9F008A66F6 /* Build configuration list for PBXProject "Clip Hold" */;
			developmentRegion = en;
			hasScannedForEncodings = 0;
			knownRegions = (
				en,
				Base,
				ja,
			);
			mainGroup = 6D244A082E03FA9F008A66F6;
			minimizedProjectReferenceProxies = 1;
			packageReferences = (
				6D18390B2E1165A2008540BC /* XCRemoteSwiftPackageReference "KeyboardShortcuts" */,
			);
			preferredProjectObjectVersion = 77;
			productRefGroup = 6D244A122E03FA9F008A66F6 /* Products */;
			projectDirPath = "";
			projectRoot = "";
			targets = (
				6D244A102E03FA9F008A66F6 /* Clip Hold */,
				6D244A1E2E03FAA0008A66F6 /* Clip HoldTests */,
				6D244A282E03FAA0008A66F6 /* Clip HoldUITests */,
			);
		};
/* End PBXProject section */

/* Begin PBXResourcesBuildPhase section */
		6D244A0F2E03FA9F008A66F6 /* Resources */ = {
			isa = PBXResourcesBuildPhase;
			buildActionMask = 2147483647;
			files = (
			);
			runOnlyForDeploymentPostprocessing = 0;
		};
		6D244A1D2E03FAA0008A66F6 /* Resources */ = {
			isa = PBXResourcesBuildPhase;
			buildActionMask = 2147483647;
			files = (
			);
			runOnlyForDeploymentPostprocessing = 0;
		};
		6D244A272E03FAA0008A66F6 /* Resources */ = {
			isa = PBXResourcesBuildPhase;
			buildActionMask = 2147483647;
			files = (
			);
			runOnlyForDeploymentPostprocessing = 0;
		};
/* End PBXResourcesBuildPhase section */

/* Begin PBXSourcesBuildPhase section */
		6D244A0D2E03FA9F008A66F6 /* Sources */ = {
			isa = PBXSourcesBuildPhase;
			buildActionMask = 2147483647;
			files = (
			);
			runOnlyForDeploymentPostprocessing = 0;
		};
		6D244A1B2E03FAA0008A66F6 /* Sources */ = {
			isa = PBXSourcesBuildPhase;
			buildActionMask = 2147483647;
			files = (
			);
			runOnlyForDeploymentPostprocessing = 0;
		};
		6D244A252E03FAA0008A66F6 /* Sources */ = {
			isa = PBXSourcesBuildPhase;
			buildActionMask = 2147483647;
			files = (
			);
			runOnlyForDeploymentPostprocessing = 0;
		};
/* End PBXSourcesBuildPhase section */

/* Begin PBXTargetDependency section */
		6D244A212E03FAA0008A66F6 /* PBXTargetDependency */ = {
			isa = PBXTargetDependency;
			target = 6D244A102E03FA9F008A66F6 /* Clip Hold */;
			targetProxy = 6D244A202E03FAA0008A66F6 /* PBXContainerItemProxy */;
		};
		6D244A2B2E03FAA0008A66F6 /* PBXTargetDependency */ = {
			isa = PBXTargetDependency;
			target = 6D244A102E03FA9F008A66F6 /* Clip Hold */;
			targetProxy = 6D244A2A2E03FAA0008A66F6 /* PBXContainerItemProxy */;
		};
/* End PBXTargetDependency section */

/* Begin XCBuildConfiguration section */
		6D244A312E03FAA0008A66F6 /* Debug */ = {
			isa = XCBuildConfiguration;
			buildSettings = {
				ALWAYS_SEARCH_USER_PATHS = NO;
				ASSETCATALOG_COMPILER_GENERATE_SWIFT_ASSET_SYMBOL_EXTENSIONS = YES;
				CLANG_ANALYZER_LOCALIZABILITY_NONLOCALIZED = YES;
				CLANG_ANALYZER_NONNULL = YES;
				CLANG_ANALYZER_NUMBER_OBJECT_CONVERSION = YES_AGGRESSIVE;
				CLANG_CXX_LANGUAGE_STANDARD = "gnu++20";
				CLANG_ENABLE_MODULES = YES;
				CLANG_ENABLE_OBJC_ARC = YES;
				CLANG_ENABLE_OBJC_WEAK = YES;
				CLANG_WARN_BLOCK_CAPTURE_AUTORELEASING = YES;
				CLANG_WARN_BOOL_CONVERSION = YES;
				CLANG_WARN_COMMA = YES;
				CLANG_WARN_CONSTANT_CONVERSION = YES;
				CLANG_WARN_DEPRECATED_OBJC_IMPLEMENTATIONS = YES;
				CLANG_WARN_DIRECT_OBJC_ISA_USAGE = YES_ERROR;
				CLANG_WARN_DOCUMENTATION_COMMENTS = YES;
				CLANG_WARN_EMPTY_BODY = YES;
				CLANG_WARN_ENUM_CONVERSION = YES;
				CLANG_WARN_INFINITE_RECURSION = YES;
				CLANG_WARN_INT_CONVERSION = YES;
				CLANG_WARN_NON_LITERAL_NULL_CONVERSION = YES;
				CLANG_WARN_OBJC_IMPLICIT_RETAIN_SELF = YES;
				CLANG_WARN_OBJC_LITERAL_CONVERSION = YES;
				CLANG_WARN_OBJC_ROOT_CLASS = YES_ERROR;
				CLANG_WARN_QUOTED_INCLUDE_IN_FRAMEWORK_HEADER = YES;
				CLANG_WARN_RANGE_LOOP_ANALYSIS = YES;
				CLANG_WARN_STRICT_PROTOTYPES = YES;
				CLANG_WARN_SUSPICIOUS_MOVE = YES;
				CLANG_WARN_UNGUARDED_AVAILABILITY = YES_AGGRESSIVE;
				CLANG_WARN_UNREACHABLE_CODE = YES;
				CLANG_WARN__DUPLICATE_METHOD_MATCH = YES;
				COPY_PHASE_STRIP = NO;
				DEAD_CODE_STRIPPING = YES;
				DEBUG_INFORMATION_FORMAT = dwarf;
				DEVELOPMENT_TEAM = 5U7H2X2X96;
				ENABLE_STRICT_OBJC_MSGSEND = YES;
				ENABLE_TESTABILITY = YES;
				ENABLE_USER_SCRIPT_SANDBOXING = YES;
				GCC_C_LANGUAGE_STANDARD = gnu17;
				GCC_DYNAMIC_NO_PIC = NO;
				GCC_NO_COMMON_BLOCKS = YES;
				GCC_OPTIMIZATION_LEVEL = 0;
				GCC_PREPROCESSOR_DEFINITIONS = (
					"DEBUG=1",
					"$(inherited)",
				);
				GCC_WARN_64_TO_32_BIT_CONVERSION = YES;
				GCC_WARN_ABOUT_RETURN_TYPE = YES_ERROR;
				GCC_WARN_UNDECLARED_SELECTOR = YES;
				GCC_WARN_UNINITIALIZED_AUTOS = YES_AGGRESSIVE;
				GCC_WARN_UNUSED_FUNCTION = YES;
				GCC_WARN_UNUSED_VARIABLE = YES;
				GENERATE_INFOPLIST_FILE = NO;
				INFOPLIST_PREPROCESS = YES;
				LOCALIZATION_PREFERS_STRING_CATALOGS = YES;
				MACOSX_DEPLOYMENT_TARGET = 14.6;
				MTL_ENABLE_DEBUG_INFO = INCLUDE_SOURCE;
				MTL_FAST_MATH = YES;
				ONLY_ACTIVE_ARCH = YES;
				SDKROOT = macosx;
				STRING_CATALOG_GENERATE_SYMBOLS = YES;
				SWIFT_ACTIVE_COMPILATION_CONDITIONS = "DEBUG $(inherited)";
				SWIFT_EMIT_LOC_STRINGS = YES;
				SWIFT_OPTIMIZATION_LEVEL = "-Onone";
			};
			name = Debug;
		};
		6D244A322E03FAA0008A66F6 /* Release */ = {
			isa = XCBuildConfiguration;
			buildSettings = {
				ALWAYS_SEARCH_USER_PATHS = NO;
				ASSETCATALOG_COMPILER_GENERATE_SWIFT_ASSET_SYMBOL_EXTENSIONS = YES;
				CLANG_ANALYZER_LOCALIZABILITY_NONLOCALIZED = YES;
				CLANG_ANALYZER_NONNULL = YES;
				CLANG_ANALYZER_NUMBER_OBJECT_CONVERSION = YES_AGGRESSIVE;
				CLANG_CXX_LANGUAGE_STANDARD = "gnu++20";
				CLANG_ENABLE_MODULES = YES;
				CLANG_ENABLE_OBJC_ARC = YES;
				CLANG_ENABLE_OBJC_WEAK = YES;
				CLANG_WARN_BLOCK_CAPTURE_AUTORELEASING = YES;
				CLANG_WARN_BOOL_CONVERSION = YES;
				CLANG_WARN_COMMA = YES;
				CLANG_WARN_CONSTANT_CONVERSION = YES;
				CLANG_WARN_DEPRECATED_OBJC_IMPLEMENTATIONS = YES;
				CLANG_WARN_DIRECT_OBJC_ISA_USAGE = YES_ERROR;
				CLANG_WARN_DOCUMENTATION_COMMENTS = YES;
				CLANG_WARN_EMPTY_BODY = YES;
				CLANG_WARN_ENUM_CONVERSION = YES;
				CLANG_WARN_INFINITE_RECURSION = YES;
				CLANG_WARN_INT_CONVERSION = YES;
				CLANG_WARN_NON_LITERAL_NULL_CONVERSION = YES;
				CLANG_WARN_OBJC_IMPLICIT_RETAIN_SELF = YES;
				CLANG_WARN_OBJC_LITERAL_CONVERSION = YES;
				CLANG_WARN_OBJC_ROOT_CLASS = YES_ERROR;
				CLANG_WARN_QUOTED_INCLUDE_IN_FRAMEWORK_HEADER = YES;
				CLANG_WARN_RANGE_LOOP_ANALYSIS = YES;
				CLANG_WARN_STRICT_PROTOTYPES = YES;
				CLANG_WARN_SUSPICIOUS_MOVE = YES;
				CLANG_WARN_UNGUARDED_AVAILABILITY = YES_AGGRESSIVE;
				CLANG_WARN_UNREACHABLE_CODE = YES;
				CLANG_WARN__DUPLICATE_METHOD_MATCH = YES;
				COPY_PHASE_STRIP = NO;
				DEAD_CODE_STRIPPING = YES;
				DEBUG_INFORMATION_FORMAT = "dwarf-with-dsym";
				DEVELOPMENT_TEAM = 5U7H2X2X96;
				ENABLE_NS_ASSERTIONS = NO;
				ENABLE_STRICT_OBJC_MSGSEND = YES;
				ENABLE_USER_SCRIPT_SANDBOXING = YES;
				GCC_C_LANGUAGE_STANDARD = gnu17;
				GCC_NO_COMMON_BLOCKS = YES;
				GCC_WARN_64_TO_32_BIT_CONVERSION = YES;
				GCC_WARN_ABOUT_RETURN_TYPE = YES_ERROR;
				GCC_WARN_UNDECLARED_SELECTOR = YES;
				GCC_WARN_UNINITIALIZED_AUTOS = YES_AGGRESSIVE;
				GCC_WARN_UNUSED_FUNCTION = YES;
				GCC_WARN_UNUSED_VARIABLE = YES;
				GENERATE_INFOPLIST_FILE = NO;
				INFOPLIST_PREPROCESS = YES;
				LOCALIZATION_PREFERS_STRING_CATALOGS = YES;
				MACOSX_DEPLOYMENT_TARGET = 14.6;
				MTL_ENABLE_DEBUG_INFO = NO;
				MTL_FAST_MATH = YES;
				SDKROOT = macosx;
				STRING_CATALOG_GENERATE_SYMBOLS = YES;
				SWIFT_COMPILATION_MODE = wholemodule;
				SWIFT_EMIT_LOC_STRINGS = YES;
			};
			name = Release;
		};
		6D244A342E03FAA0008A66F6 /* Debug */ = {
			isa = XCBuildConfiguration;
			buildSettings = {
				ASSETCATALOG_COMPILER_APPICON_NAME = AppIcon;
				ASSETCATALOG_COMPILER_GLOBAL_ACCENT_COLOR_NAME = AccentColor;
				CODE_SIGN_ENTITLEMENTS = "Clip Hold/Clip_Hold.entitlements";
				CODE_SIGN_IDENTITY = "Apple Development";
				CODE_SIGN_STYLE = Automatic;
				COMBINE_HIDPI_IMAGES = YES;
				CREATE_INFOPLIST_SECTION_IN_BINARY = NO;
				CURRENT_PROJECT_VERSION = 202509222236;
				DEAD_CODE_STRIPPING = YES;
				DEVELOPMENT_TEAM = 5U7H2X2X96;
				ENABLE_APP_SANDBOX = YES;
				ENABLE_HARDENED_RUNTIME = YES;
				ENABLE_INCOMING_NETWORK_CONNECTIONS = NO;
				ENABLE_OUTGOING_NETWORK_CONNECTIONS = NO;
				ENABLE_PREVIEWS = YES;
				ENABLE_RESOURCE_ACCESS_AUDIO_INPUT = NO;
				ENABLE_RESOURCE_ACCESS_BLUETOOTH = NO;
				ENABLE_RESOURCE_ACCESS_CALENDARS = NO;
				ENABLE_RESOURCE_ACCESS_CAMERA = NO;
				ENABLE_RESOURCE_ACCESS_CONTACTS = NO;
				ENABLE_RESOURCE_ACCESS_LOCATION = NO;
				ENABLE_RESOURCE_ACCESS_PRINTING = NO;
				ENABLE_RESOURCE_ACCESS_USB = NO;
				ENABLE_USER_SCRIPT_SANDBOXING = NO;
				ENABLE_USER_SELECTED_FILES = readwrite;
				EXCLUDED_ARCHS = "";
				GENERATE_INFOPLIST_FILE = YES;
				INFOPLIST_FILE = "Clip-Hold-Info.plist";
				INFOPLIST_KEY_CFBundleDisplayName = "Clip Hold";
				INFOPLIST_KEY_LSApplicationCategoryType = "public.app-category.productivity";
				INFOPLIST_KEY_LSUIElement = YES;
				INFOPLIST_KEY_NSHumanReadableCopyright = "Copyright ©︎ 2025 今浦大雅";
				INFOPLIST_PREPROCESS = NO;
				LD_RUNPATH_SEARCH_PATHS = (
					"$(inherited)",
					"@executable_path/../Frameworks",
				);
				MACOSX_DEPLOYMENT_TARGET = 14.0;
				MARKETING_VERSION = 1.5.0;
				ONLY_ACTIVE_ARCH = NO;
				PRODUCT_BUNDLE_IDENTIFIER = "design.taikun.Clip-Hold";
				PRODUCT_NAME = "$(TARGET_NAME)";
				PROVISIONING_PROFILE_SPECIFIER = "";
				REGISTER_APP_GROUPS = YES;
				SWIFT_EMIT_LOC_STRINGS = YES;
				SWIFT_STRICT_CONCURRENCY = minimal;
				SWIFT_VERSION = 5.0;
				SYSTEM_FRAMEWORK_SEARCH_PATHS = (
					"$(inherited)",
					"$(SDKROOT)$(SYSTEM_LIBRARY_DIR)/PrivateFrameworks",
				);
				VERSIONING_SYSTEM = "apple-generic";
			};
			name = Debug;
		};
		6D244A352E03FAA0008A66F6 /* Release */ = {
			isa = XCBuildConfiguration;
			buildSettings = {
				ASSETCATALOG_COMPILER_APPICON_NAME = AppIcon;
				ASSETCATALOG_COMPILER_GLOBAL_ACCENT_COLOR_NAME = AccentColor;
				CODE_SIGN_ENTITLEMENTS = "Clip Hold/Clip_Hold.entitlements";
				CODE_SIGN_IDENTITY = "Apple Development";
				"CODE_SIGN_IDENTITY[sdk=macosx*]" = "Apple Development";
				CODE_SIGN_STYLE = Automatic;
				COMBINE_HIDPI_IMAGES = YES;
				CREATE_INFOPLIST_SECTION_IN_BINARY = NO;
				CURRENT_PROJECT_VERSION = 202509222236;
				DEAD_CODE_STRIPPING = YES;
				DEVELOPMENT_TEAM = 5U7H2X2X96;
				ENABLE_APP_SANDBOX = YES;
				ENABLE_HARDENED_RUNTIME = YES;
				ENABLE_INCOMING_NETWORK_CONNECTIONS = NO;
				ENABLE_OUTGOING_NETWORK_CONNECTIONS = NO;
				ENABLE_PREVIEWS = YES;
				ENABLE_RESOURCE_ACCESS_AUDIO_INPUT = NO;
				ENABLE_RESOURCE_ACCESS_BLUETOOTH = NO;
				ENABLE_RESOURCE_ACCESS_CALENDARS = NO;
				ENABLE_RESOURCE_ACCESS_CAMERA = NO;
				ENABLE_RESOURCE_ACCESS_CONTACTS = NO;
				ENABLE_RESOURCE_ACCESS_LOCATION = NO;
				ENABLE_RESOURCE_ACCESS_PRINTING = NO;
				ENABLE_RESOURCE_ACCESS_USB = NO;
				ENABLE_USER_SCRIPT_SANDBOXING = NO;
				ENABLE_USER_SELECTED_FILES = readwrite;
				EXCLUDED_ARCHS = "";
				GENERATE_INFOPLIST_FILE = YES;
				INFOPLIST_FILE = "Clip-Hold-Info.plist";
				INFOPLIST_KEY_CFBundleDisplayName = "Clip Hold";
				INFOPLIST_KEY_LSApplicationCategoryType = "public.app-category.productivity";
				INFOPLIST_KEY_LSUIElement = YES;
				INFOPLIST_KEY_NSHumanReadableCopyright = "Copyright ©︎ 2025 今浦大雅";
				INFOPLIST_PREPROCESS = NO;
				LD_RUNPATH_SEARCH_PATHS = (
					"$(inherited)",
					"@executable_path/../Frameworks",
				);
				MACOSX_DEPLOYMENT_TARGET = 14.0;
				MARKETING_VERSION = 1.5.0;
				PRODUCT_BUNDLE_IDENTIFIER = "design.taikun.Clip-Hold";
				PRODUCT_NAME = "$(TARGET_NAME)";
				PROVISIONING_PROFILE_SPECIFIER = "";
				REGISTER_APP_GROUPS = YES;
				SWIFT_EMIT_LOC_STRINGS = YES;
				SWIFT_STRICT_CONCURRENCY = minimal;
				SWIFT_VERSION = 5.0;
				SYSTEM_FRAMEWORK_SEARCH_PATHS = (
					"$(inherited)",
					"$(SDKROOT)$(SYSTEM_LIBRARY_DIR)/PrivateFrameworks",
				);
				VERSIONING_SYSTEM = "apple-generic";
			};
			name = Release;
		};
		6D244A372E03FAA0008A66F6 /* Debug */ = {
			isa = XCBuildConfiguration;
			buildSettings = {
				BUNDLE_LOADER = "$(TEST_HOST)";
				CODE_SIGN_STYLE = Automatic;
				CURRENT_PROJECT_VERSION = 202509222236;
				DEAD_CODE_STRIPPING = YES;
				DEVELOPMENT_TEAM = 5U7H2X2X96;
				GENERATE_INFOPLIST_FILE = YES;
				MACOSX_DEPLOYMENT_TARGET = 15.5;
				MARKETING_VERSION = 1.0;
				PRODUCT_BUNDLE_IDENTIFIER = "design.taikun.Clip-HoldTests";
				PRODUCT_NAME = "$(TARGET_NAME)";
				SWIFT_EMIT_LOC_STRINGS = NO;
				SWIFT_VERSION = 5.0;
				TEST_HOST = "$(BUILT_PRODUCTS_DIR)/Clip Hold.app/$(BUNDLE_EXECUTABLE_FOLDER_PATH)/Clip Hold";
			};
			name = Debug;
		};
		6D244A382E03FAA0008A66F6 /* Release */ = {
			isa = XCBuildConfiguration;
			buildSettings = {
				BUNDLE_LOADER = "$(TEST_HOST)";
				CODE_SIGN_STYLE = Automatic;
				CURRENT_PROJECT_VERSION = 202509222236;
				DEAD_CODE_STRIPPING = YES;
				DEVELOPMENT_TEAM = 5U7H2X2X96;
				GENERATE_INFOPLIST_FILE = YES;
				MACOSX_DEPLOYMENT_TARGET = 15.5;
				MARKETING_VERSION = 1.0;
				PRODUCT_BUNDLE_IDENTIFIER = "design.taikun.Clip-HoldTests";
				PRODUCT_NAME = "$(TARGET_NAME)";
				SWIFT_EMIT_LOC_STRINGS = NO;
				SWIFT_VERSION = 5.0;
				TEST_HOST = "$(BUILT_PRODUCTS_DIR)/Clip Hold.app/$(BUNDLE_EXECUTABLE_FOLDER_PATH)/Clip Hold";
			};
			name = Release;
		};
		6D244A3A2E03FAA0008A66F6 /* Debug */ = {
			isa = XCBuildConfiguration;
			buildSettings = {
				CODE_SIGN_STYLE = Automatic;
				CURRENT_PROJECT_VERSION = 202509222236;
				DEAD_CODE_STRIPPING = YES;
				DEVELOPMENT_TEAM = 5U7H2X2X96;
				GENERATE_INFOPLIST_FILE = YES;
				MARKETING_VERSION = 1.0;
				PRODUCT_BUNDLE_IDENTIFIER = "design.taikun.Clip-HoldUITests";
				PRODUCT_NAME = "$(TARGET_NAME)";
				SWIFT_EMIT_LOC_STRINGS = NO;
				SWIFT_VERSION = 5.0;
				TEST_TARGET_NAME = "Clip Hold";
			};
			name = Debug;
		};
		6D244A3B2E03FAA0008A66F6 /* Release */ = {
			isa = XCBuildConfiguration;
			buildSettings = {
				CODE_SIGN_STYLE = Automatic;
				CURRENT_PROJECT_VERSION = 202509222236;
				DEAD_CODE_STRIPPING = YES;
				DEVELOPMENT_TEAM = 5U7H2X2X96;
				GENERATE_INFOPLIST_FILE = YES;
				MARKETING_VERSION = 1.0;
				PRODUCT_BUNDLE_IDENTIFIER = "design.taikun.Clip-HoldUITests";
				PRODUCT_NAME = "$(TARGET_NAME)";
				SWIFT_EMIT_LOC_STRINGS = NO;
				SWIFT_VERSION = 5.0;
				TEST_TARGET_NAME = "Clip Hold";
			};
			name = Release;
		};
/* End XCBuildConfiguration section */

/* Begin XCConfigurationList section */
		6D244A0C2E03FA9F008A66F6 /* Build configuration list for PBXProject "Clip Hold" */ = {
			isa = XCConfigurationList;
			buildConfigurations = (
				6D244A312E03FAA0008A66F6 /* Debug */,
				6D244A322E03FAA0008A66F6 /* Release */,
			);
			defaultConfigurationIsVisible = 0;
			defaultConfigurationName = Release;
		};
		6D244A332E03FAA0008A66F6 /* Build configuration list for PBXNativeTarget "Clip Hold" */ = {
			isa = XCConfigurationList;
			buildConfigurations = (
				6D244A342E03FAA0008A66F6 /* Debug */,
				6D244A352E03FAA0008A66F6 /* Release */,
			);
			defaultConfigurationIsVisible = 0;
			defaultConfigurationName = Release;
		};
		6D244A362E03FAA0008A66F6 /* Build configuration list for PBXNativeTarget "Clip HoldTests" */ = {
			isa = XCConfigurationList;
			buildConfigurations = (
				6D244A372E03FAA0008A66F6 /* Debug */,
				6D244A382E03FAA0008A66F6 /* Release */,
			);
			defaultConfigurationIsVisible = 0;
			defaultConfigurationName = Release;
		};
		6D244A392E03FAA0008A66F6 /* Build configuration list for PBXNativeTarget "Clip HoldUITests" */ = {
			isa = XCConfigurationList;
			buildConfigurations = (
				6D244A3A2E03FAA0008A66F6 /* Debug */,
				6D244A3B2E03FAA0008A66F6 /* Release */,
			);
			defaultConfigurationIsVisible = 0;
			defaultConfigurationName = Release;
		};
/* End XCConfigurationList section */

/* Begin XCRemoteSwiftPackageReference section */
		6D18390B2E1165A2008540BC /* XCRemoteSwiftPackageReference "KeyboardShortcuts" */ = {
			isa = XCRemoteSwiftPackageReference;
			repositoryURL = "https://github.com/sindresorhus/KeyboardShortcuts";
			requirement = {
				kind = exactVersion;
				version = 2.4.0;
			};
		};
/* End XCRemoteSwiftPackageReference section */

/* Begin XCSwiftPackageProductDependency section */
		6D18390D2E1165B0008540BC /* KeyboardShortcuts */ = {
			isa = XCSwiftPackageProductDependency;
			package = 6D18390B2E1165A2008540BC /* XCRemoteSwiftPackageReference "KeyboardShortcuts" */;
			productName = KeyboardShortcuts;
		};
/* End XCSwiftPackageProductDependency section */
	};
	rootObject = 6D244A092E03FA9F008A66F6 /* Project object */;
}
